// !$*UTF8*$!
{
	archiveVersion = 1;
	classes = {
	};
	objectVersion = 55;
	objects = {

/* Begin PBXBuildFile section */
		09C17D5232ECAF4E373632B8 /* Pods_FlashyChatApp.framework in Frameworks */ = {isa = PBXBuildFile; fileRef = 30BB2C050FE548172E358229 /* Pods_FlashyChatApp.framework */; };
		B29ED27C28CC7C4F00481896 /* FlashyChatApp.xcworkspace in Resources */ = {isa = PBXBuildFile; fileRef = B29ED27B28CC7C4F00481896 /* FlashyChatApp.xcworkspace */; };
		B29ED27E28CC7C7000481896 /* GoogleService-Info.plist in Resources */ = {isa = PBXBuildFile; fileRef = B29ED27D28CC7C7000481896 /* GoogleService-Info.plist */; };
		B29ED28028CC96AB00481896 /* Constants.swift in Sources */ = {isa = PBXBuildFile; fileRef = B29ED27F28CC96AB00481896 /* Constants.swift */; };
		B29ED28228CCA2CE00481896 /* Message.swift in Sources */ = {isa = PBXBuildFile; fileRef = B29ED28128CCA2CE00481896 /* Message.swift */; };
		B2FCAF9328CB8BFE002726AB /* AppDelegate.swift in Sources */ = {isa = PBXBuildFile; fileRef = B2FCAF9228CB8BFE002726AB /* AppDelegate.swift */; };
		B2FCAF9528CB8BFE002726AB /* SceneDelegate.swift in Sources */ = {isa = PBXBuildFile; fileRef = B2FCAF9428CB8BFE002726AB /* SceneDelegate.swift */; };
		B2FCAF9728CB8BFE002726AB /* WeatherViewController.swift in Sources */ = {isa = PBXBuildFile; fileRef = B2FCAF9628CB8BFE002726AB /* WeatherViewController.swift */; };
		B2FCAF9A28CB8BFE002726AB /* Main.storyboard in Resources */ = {isa = PBXBuildFile; fileRef = B2FCAF9828CB8BFE002726AB /* Main.storyboard */; };
		B2FCAF9C28CB8BFF002726AB /* Assets.xcassets in Resources */ = {isa = PBXBuildFile; fileRef = B2FCAF9B28CB8BFF002726AB /* Assets.xcassets */; };
		B2FCAF9F28CB8BFF002726AB /* LaunchScreen.storyboard in Resources */ = {isa = PBXBuildFile; fileRef = B2FCAF9D28CB8BFF002726AB /* LaunchScreen.storyboard */; };
		B2FCAFAA28CB8D53002726AB /* RegisterViewController.swift in Sources */ = {isa = PBXBuildFile; fileRef = B2FCAFA928CB8D53002726AB /* RegisterViewController.swift */; };
		B2FCAFAC28CB8D62002726AB /* LoginViewController.swift in Sources */ = {isa = PBXBuildFile; fileRef = B2FCAFAB28CB8D62002726AB /* LoginViewController.swift */; };
		B2FCAFAE28CB8D6E002726AB /* ChatViewController.swift in Sources */ = {isa = PBXBuildFile; fileRef = B2FCAFAD28CB8D6E002726AB /* ChatViewController.swift */; };
/* End PBXBuildFile section */

/* Begin PBXFileReference section */
		17A6A678805046B265F080E3 /* Pods-FlashyChatApp.release.xcconfig */ = {isa = PBXFileReference; includeInIndex = 1; lastKnownFileType = text.xcconfig; name = "Pods-FlashyChatApp.release.xcconfig"; path = "Target Support Files/Pods-FlashyChatApp/Pods-FlashyChatApp.release.xcconfig"; sourceTree = "<group>"; };
		30BB2C050FE548172E358229 /* Pods_FlashyChatApp.framework */ = {isa = PBXFileReference; explicitFileType = wrapper.framework; includeInIndex = 0; path = Pods_FlashyChatApp.framework; sourceTree = BUILT_PRODUCTS_DIR; };
		55552AF91310DCF8B48FBB7B /* Pods-FlashyChatApp.debug.xcconfig */ = {isa = PBXFileReference; includeInIndex = 1; lastKnownFileType = text.xcconfig; name = "Pods-FlashyChatApp.debug.xcconfig"; path = "Target Support Files/Pods-FlashyChatApp/Pods-FlashyChatApp.debug.xcconfig"; sourceTree = "<group>"; };
		B29ED27B28CC7C4F00481896 /* FlashyChatApp.xcworkspace */ = {isa = PBXFileReference; lastKnownFileType = wrapper.workspace; path = FlashyChatApp.xcworkspace; sourceTree = SOURCE_ROOT; };
		B29ED27D28CC7C7000481896 /* GoogleService-Info.plist */ = {isa = PBXFileReference; fileEncoding = 4; lastKnownFileType = text.plist.xml; path = "GoogleService-Info.plist"; sourceTree = "<group>"; };
		B29ED27F28CC96AB00481896 /* Constants.swift */ = {isa = PBXFileReference; lastKnownFileType = sourcecode.swift; path = Constants.swift; sourceTree = "<group>"; };
		B29ED28128CCA2CE00481896 /* Message.swift */ = {isa = PBXFileReference; lastKnownFileType = sourcecode.swift; path = Message.swift; sourceTree = "<group>"; };
		B2FCAF8F28CB8BFE002726AB /* FlashyChatApp.app */ = {isa = PBXFileReference; explicitFileType = wrapper.application; includeInIndex = 0; path = FlashyChatApp.app; sourceTree = BUILT_PRODUCTS_DIR; };
		B2FCAF9228CB8BFE002726AB /* AppDelegate.swift */ = {isa = PBXFileReference; lastKnownFileType = sourcecode.swift; path = AppDelegate.swift; sourceTree = "<group>"; };
		B2FCAF9428CB8BFE002726AB /* SceneDelegate.swift */ = {isa = PBXFileReference; lastKnownFileType = sourcecode.swift; path = SceneDelegate.swift; sourceTree = "<group>"; };
		B2FCAF9628CB8BFE002726AB /* WeatherViewController.swift */ = {isa = PBXFileReference; lastKnownFileType = sourcecode.swift; path = WeatherViewController.swift; sourceTree = "<group>"; };
		B2FCAF9928CB8BFE002726AB /* Base */ = {isa = PBXFileReference; lastKnownFileType = file.storyboard; name = Base; path = Base.lproj/Main.storyboard; sourceTree = "<group>"; };
		B2FCAF9B28CB8BFF002726AB /* Assets.xcassets */ = {isa = PBXFileReference; lastKnownFileType = folder.assetcatalog; path = Assets.xcassets; sourceTree = "<group>"; };
		B2FCAF9E28CB8BFF002726AB /* Base */ = {isa = PBXFileReference; lastKnownFileType = file.storyboard; name = Base; path = Base.lproj/LaunchScreen.storyboard; sourceTree = "<group>"; };
		B2FCAFA028CB8BFF002726AB /* Info.plist */ = {isa = PBXFileReference; lastKnownFileType = text.plist.xml; path = Info.plist; sourceTree = "<group>"; };
		B2FCAFA928CB8D53002726AB /* RegisterViewController.swift */ = {isa = PBXFileReference; lastKnownFileType = sourcecode.swift; path = RegisterViewController.swift; sourceTree = "<group>"; };
		B2FCAFAB28CB8D62002726AB /* LoginViewController.swift */ = {isa = PBXFileReference; lastKnownFileType = sourcecode.swift; path = LoginViewController.swift; sourceTree = "<group>"; };
		B2FCAFAD28CB8D6E002726AB /* ChatViewController.swift */ = {isa = PBXFileReference; lastKnownFileType = sourcecode.swift; path = ChatViewController.swift; sourceTree = "<group>"; };
/* End PBXFileReference section */

/* Begin PBXFrameworksBuildPhase section */
		B2FCAF8C28CB8BFE002726AB /* Frameworks */ = {
			isa = PBXFrameworksBuildPhase;
			buildActionMask = 2147483647;
			files = (
				09C17D5232ECAF4E373632B8 /* Pods_FlashyChatApp.framework in Frameworks */,
			);
			runOnlyForDeploymentPostprocessing = 0;
		};
/* End PBXFrameworksBuildPhase section */

/* Begin PBXGroup section */
		09662C7C3F2051EDFA22CE4B /* Pods */ = {
			isa = PBXGroup;
			children = (
				55552AF91310DCF8B48FBB7B /* Pods-FlashyChatApp.debug.xcconfig */,
				17A6A678805046B265F080E3 /* Pods-FlashyChatApp.release.xcconfig */,
			);
			path = Pods;
			sourceTree = "<group>";
		};
		409702E7ADDBB6EDBD1193E6 /* Frameworks */ = {
			isa = PBXGroup;
			children = (
				30BB2C050FE548172E358229 /* Pods_FlashyChatApp.framework */,
			);
			name = Frameworks;
			sourceTree = "<group>";
		};
		B2FCAF8628CB8BFE002726AB = {
			isa = PBXGroup;
			children = (
				B2FCAF9128CB8BFE002726AB /* FlashyChatApp */,
				B2FCAF9028CB8BFE002726AB /* Products */,
				09662C7C3F2051EDFA22CE4B /* Pods */,
				409702E7ADDBB6EDBD1193E6 /* Frameworks */,
			);
			sourceTree = "<group>";
		};
		B2FCAF9028CB8BFE002726AB /* Products */ = {
			isa = PBXGroup;
			children = (
				B2FCAF8F28CB8BFE002726AB /* FlashyChatApp.app */,
			);
			name = Products;
			sourceTree = "<group>";
		};
		B2FCAF9128CB8BFE002726AB /* FlashyChatApp */ = {
			isa = PBXGroup;
			children = (
				B2FCAF9228CB8BFE002726AB /* AppDelegate.swift */,
				B2FCAF9428CB8BFE002726AB /* SceneDelegate.swift */,
				B2FCAFA828CB8CAC002726AB /* Model */,
				B2FCAFA628CB8C9E002726AB /* View */,
				B2FCAFA728CB8CA5002726AB /* Controller */,
				B2FCAF9B28CB8BFF002726AB /* Assets.xcassets */,
				B2FCAF9D28CB8BFF002726AB /* LaunchScreen.storyboard */,
				B29ED27B28CC7C4F00481896 /* FlashyChatApp.xcworkspace */,
				B29ED27D28CC7C7000481896 /* GoogleService-Info.plist */,
				B2FCAFA028CB8BFF002726AB /* Info.plist */,
				B29ED27F28CC96AB00481896 /* Constants.swift */,
			);
			path = FlashyChatApp;
			sourceTree = "<group>";
		};
		B2FCAFA628CB8C9E002726AB /* View */ = {
			isa = PBXGroup;
			children = (
				B2FCAF9828CB8BFE002726AB /* Main.storyboard */,
			);
			path = View;
			sourceTree = "<group>";
		};
		B2FCAFA728CB8CA5002726AB /* Controller */ = {
			isa = PBXGroup;
			children = (
				B2FCAF9628CB8BFE002726AB /* WeatherViewController.swift */,
				B2FCAFA928CB8D53002726AB /* RegisterViewController.swift */,
				B2FCAFAB28CB8D62002726AB /* LoginViewController.swift */,
				B2FCAFAD28CB8D6E002726AB /* ChatViewController.swift */,
			);
			path = Controller;
			sourceTree = "<group>";
		};
		B2FCAFA828CB8CAC002726AB /* Model */ = {
			isa = PBXGroup;
			children = (
				B29ED28128CCA2CE00481896 /* Message.swift */,
			);
			path = Model;
			sourceTree = "<group>";
		};
/* End PBXGroup section */

/* Begin PBXNativeTarget section */
		B2FCAF8E28CB8BFE002726AB /* FlashyChatApp */ = {
			isa = PBXNativeTarget;
			buildConfigurationList = B2FCAFA328CB8BFF002726AB /* Build configuration list for PBXNativeTarget "FlashyChatApp" */;
			buildPhases = (
				0EA245A323B259F446C1A9D7 /* [CP] Check Pods Manifest.lock */,
				B2FCAF8B28CB8BFE002726AB /* Sources */,
				B2FCAF8C28CB8BFE002726AB /* Frameworks */,
				B2FCAF8D28CB8BFE002726AB /* Resources */,
				5175598C79504E1D575C7D64 /* [CP] Embed Pods Frameworks */,
			);
			buildRules = (
			);
			dependencies = (
			);
			name = FlashyChatApp;
			productName = FlashyChatApp;
			productReference = B2FCAF8F28CB8BFE002726AB /* FlashyChatApp.app */;
			productType = "com.apple.product-type.application";
		};
/* End PBXNativeTarget section */

/* Begin PBXProject section */
		B2FCAF8728CB8BFE002726AB /* Project object */ = {
			isa = PBXProject;
			attributes = {
				BuildIndependentTargetsInParallel = 1;
				LastSwiftUpdateCheck = 1340;
				LastUpgradeCheck = 1340;
				TargetAttributes = {
					B2FCAF8E28CB8BFE002726AB = {
						CreatedOnToolsVersion = 13.4.1;
					};
				};
			};
			buildConfigurationList = B2FCAF8A28CB8BFE002726AB /* Build configuration list for PBXProject "FlashyChatApp" */;
			compatibilityVersion = "Xcode 13.0";
			developmentRegion = en;
			hasScannedForEncodings = 0;
			knownRegions = (
				en,
				Base,
			);
			mainGroup = B2FCAF8628CB8BFE002726AB;
			productRefGroup = B2FCAF9028CB8BFE002726AB /* Products */;
			projectDirPath = "";
			projectRoot = "";
			targets = (
				B2FCAF8E28CB8BFE002726AB /* FlashyChatApp */,
			);
		};
/* End PBXProject section */

/* Begin PBXResourcesBuildPhase section */
		B2FCAF8D28CB8BFE002726AB /* Resources */ = {
			isa = PBXResourcesBuildPhase;
			buildActionMask = 2147483647;
			files = (
				B2FCAF9F28CB8BFF002726AB /* LaunchScreen.storyboard in Resources */,
				B29ED27C28CC7C4F00481896 /* FlashyChatApp.xcworkspace in Resources */,
				B29ED27E28CC7C7000481896 /* GoogleService-Info.plist in Resources */,
				B2FCAF9C28CB8BFF002726AB /* Assets.xcassets in Resources */,
				B2FCAF9A28CB8BFE002726AB /* Main.storyboard in Resources */,
			);
			runOnlyForDeploymentPostprocessing = 0;
		};
/* End PBXResourcesBuildPhase section */

/* Begin PBXShellScriptBuildPhase section */
		0EA245A323B259F446C1A9D7 /* [CP] Check Pods Manifest.lock */ = {
			isa = PBXShellScriptBuildPhase;
			buildActionMask = 2147483647;
			files = (
			);
			inputFileListPaths = (
			);
			inputPaths = (
				"${PODS_PODFILE_DIR_PATH}/Podfile.lock",
				"${PODS_ROOT}/Manifest.lock",
			);
			name = "[CP] Check Pods Manifest.lock";
			outputFileListPaths = (
			);
			outputPaths = (
				"$(DERIVED_FILE_DIR)/Pods-FlashyChatApp-checkManifestLockResult.txt",
			);
			runOnlyForDeploymentPostprocessing = 0;
			shellPath = /bin/sh;
			shellScript = "diff \"${PODS_PODFILE_DIR_PATH}/Podfile.lock\" \"${PODS_ROOT}/Manifest.lock\" > /dev/null\nif [ $? != 0 ] ; then\n    # print error to STDERR\n    echo \"error: The sandbox is not in sync with the Podfile.lock. Run 'pod install' or update your CocoaPods installation.\" >&2\n    exit 1\nfi\n# This output is used by Xcode 'outputs' to avoid re-running this script phase.\necho \"SUCCESS\" > \"${SCRIPT_OUTPUT_FILE_0}\"\n";
			showEnvVarsInLog = 0;
		};
		5175598C79504E1D575C7D64 /* [CP] Embed Pods Frameworks */ = {
			isa = PBXShellScriptBuildPhase;
			buildActionMask = 2147483647;
			files = (
			);
			inputFileListPaths = (
				"${PODS_ROOT}/Target Support Files/Pods-FlashyChatApp/Pods-FlashyChatApp-frameworks-${CONFIGURATION}-input-files.xcfilelist",
			);
			name = "[CP] Embed Pods Frameworks";
			outputFileListPaths = (
				"${PODS_ROOT}/Target Support Files/Pods-FlashyChatApp/Pods-FlashyChatApp-frameworks-${CONFIGURATION}-output-files.xcfilelist",
			);
			runOnlyForDeploymentPostprocessing = 0;
			shellPath = /bin/sh;
			shellScript = "\"${PODS_ROOT}/Target Support Files/Pods-FlashyChatApp/Pods-FlashyChatApp-frameworks.sh\"\n";
			showEnvVarsInLog = 0;
		};
/* End PBXShellScriptBuildPhase section */

/* Begin PBXSourcesBuildPhase section */
		B2FCAF8B28CB8BFE002726AB /* Sources */ = {
			isa = PBXSourcesBuildPhase;
			buildActionMask = 2147483647;
			files = (
				B2FCAF9728CB8BFE002726AB /* WeatherViewController.swift in Sources */,
				B2FCAF9328CB8BFE002726AB /* AppDelegate.swift in Sources */,
				B2FCAF9528CB8BFE002726AB /* SceneDelegate.swift in Sources */,
				B2FCAFAC28CB8D62002726AB /* LoginViewController.swift in Sources */,
				B29ED28028CC96AB00481896 /* Constants.swift in Sources */,
				B29ED28228CCA2CE00481896 /* Message.swift in Sources */,
				B2FCAFAE28CB8D6E002726AB /* ChatViewController.swift in Sources */,
				B2FCAFAA28CB8D53002726AB /* RegisterViewController.swift in Sources */,
			);
			runOnlyForDeploymentPostprocessing = 0;
		};
/* End PBXSourcesBuildPhase section */

/* Begin PBXVariantGroup section */
		B2FCAF9828CB8BFE002726AB /* Main.storyboard */ = {
			isa = PBXVariantGroup;
			children = (
				B2FCAF9928CB8BFE002726AB /* Base */,
			);
			name = Main.storyboard;
			sourceTree = "<group>";
		};
		B2FCAF9D28CB8BFF002726AB /* LaunchScreen.storyboard */ = {
			isa = PBXVariantGroup;
			children = (
				B2FCAF9E28CB8BFF002726AB /* Base */,
			);
			name = LaunchScreen.storyboard;
			sourceTree = "<group>";
		};
/* End PBXVariantGroup section */

/* Begin XCBuildConfiguration section */
		B2FCAFA128CB8BFF002726AB /* Debug */ = {
			isa = XCBuildConfiguration;
			buildSettings = {
				ALWAYS_SEARCH_USER_PATHS = NO;
				CLANG_ANALYZER_NONNULL = YES;
				CLANG_ANALYZER_NUMBER_OBJECT_CONVERSION = YES_AGGRESSIVE;
				CLANG_CXX_LANGUAGE_STANDARD = "gnu++17";
				CLANG_ENABLE_MODULES = YES;
				CLANG_ENABLE_OBJC_ARC = YES;
				CLANG_ENABLE_OBJC_WEAK = YES;
				CLANG_WARN_BLOCK_CAPTURE_AUTORELEASING = YES;
				CLANG_WARN_BOOL_CONVERSION = YES;
				CLANG_WARN_COMMA = YES;
				CLANG_WARN_CONSTANT_CONVERSION = YES;
				CLANG_WARN_DEPRECATED_OBJC_IMPLEMENTATIONS = YES;
				CLANG_WARN_DIRECT_OBJC_ISA_USAGE = YES_ERROR;
				CLANG_WARN_DOCUMENTATION_COMMENTS = YES;
				CLANG_WARN_EMPTY_BODY = YES;
				CLANG_WARN_ENUM_CONVERSION = YES;
				CLANG_WARN_INFINITE_RECURSION = YES;
				CLANG_WARN_INT_CONVERSION = YES;
				CLANG_WARN_NON_LITERAL_NULL_CONVERSION = YES;
				CLANG_WARN_OBJC_IMPLICIT_RETAIN_SELF = YES;
				CLANG_WARN_OBJC_LITERAL_CONVERSION = YES;
				CLANG_WARN_OBJC_ROOT_CLASS = YES_ERROR;
				CLANG_WARN_QUOTED_INCLUDE_IN_FRAMEWORK_HEADER = YES;
				CLANG_WARN_RANGE_LOOP_ANALYSIS = YES;
				CLANG_WARN_STRICT_PROTOTYPES = YES;
				CLANG_WARN_SUSPICIOUS_MOVE = YES;
				CLANG_WARN_UNGUARDED_AVAILABILITY = YES_AGGRESSIVE;
				CLANG_WARN_UNREACHABLE_CODE = YES;
				CLANG_WARN__DUPLICATE_METHOD_MATCH = YES;
				COPY_PHASE_STRIP = NO;
				DEBUG_INFORMATION_FORMAT = dwarf;
				ENABLE_STRICT_OBJC_MSGSEND = YES;
				ENABLE_TESTABILITY = YES;
				GCC_C_LANGUAGE_STANDARD = gnu11;
				GCC_DYNAMIC_NO_PIC = NO;
				GCC_NO_COMMON_BLOCKS = YES;
				GCC_OPTIMIZATION_LEVEL = 0;
				GCC_PREPROCESSOR_DEFINITIONS = (
					"DEBUG=1",
					"$(inherited)",
				);
				GCC_WARN_64_TO_32_BIT_CONVERSION = YES;
				GCC_WARN_ABOUT_RETURN_TYPE = YES_ERROR;
				GCC_WARN_UNDECLARED_SELECTOR = YES;
				GCC_WARN_UNINITIALIZED_AUTOS = YES_AGGRESSIVE;
				GCC_WARN_UNUSED_FUNCTION = YES;
				GCC_WARN_UNUSED_VARIABLE = YES;
				IPHONEOS_DEPLOYMENT_TARGET = 15.5;
				MTL_ENABLE_DEBUG_INFO = INCLUDE_SOURCE;
				MTL_FAST_MATH = YES;
				ONLY_ACTIVE_ARCH = YES;
				SDKROOT = iphoneos;
				SWIFT_ACTIVE_COMPILATION_CONDITIONS = DEBUG;
				SWIFT_OPTIMIZATION_LEVEL = "-Onone";
			};
			name = Debug;
		};
		B2FCAFA228CB8BFF002726AB /* Release */ = {
			isa = XCBuildConfiguration;
			buildSettings = {
				ALWAYS_SEARCH_USER_PATHS = NO;
				CLANG_ANALYZER_NONNULL = YES;
				CLANG_ANALYZER_NUMBER_OBJECT_CONVERSION = YES_AGGRESSIVE;
				CLANG_CXX_LANGUAGE_STANDARD = "gnu++17";
				CLANG_ENABLE_MODULES = YES;
				CLANG_ENABLE_OBJC_ARC = YES;
				CLANG_ENABLE_OBJC_WEAK = YES;
				CLANG_WARN_BLOCK_CAPTURE_AUTORELEASING = YES;
				CLANG_WARN_BOOL_CONVERSION = YES;
				CLANG_WARN_COMMA = YES;
				CLANG_WARN_CONSTANT_CONVERSION = YES;
				CLANG_WARN_DEPRECATED_OBJC_IMPLEMENTATIONS = YES;
				CLANG_WARN_DIRECT_OBJC_ISA_USAGE = YES_ERROR;
				CLANG_WARN_DOCUMENTATION_COMMENTS = YES;
				CLANG_WARN_EMPTY_BODY = YES;
				CLANG_WARN_ENUM_CONVERSION = YES;
				CLANG_WARN_INFINITE_RECURSION = YES;
				CLANG_WARN_INT_CONVERSION = YES;
				CLANG_WARN_NON_LITERAL_NULL_CONVERSION = YES;
				CLANG_WARN_OBJC_IMPLICIT_RETAIN_SELF = YES;
				CLANG_WARN_OBJC_LITERAL_CONVERSION = YES;
				CLANG_WARN_OBJC_ROOT_CLASS = YES_ERROR;
				CLANG_WARN_QUOTED_INCLUDE_IN_FRAMEWORK_HEADER = YES;
				CLANG_WARN_RANGE_LOOP_ANALYSIS = YES;
				CLANG_WARN_STRICT_PROTOTYPES = YES;
				CLANG_WARN_SUSPICIOUS_MOVE = YES;
				CLANG_WARN_UNGUARDED_AVAILABILITY = YES_AGGRESSIVE;
				CLANG_WARN_UNREACHABLE_CODE = YES;
				CLANG_WARN__DUPLICATE_METHOD_MATCH = YES;
				COPY_PHASE_STRIP = NO;
				DEBUG_INFORMATION_FORMAT = "dwarf-with-dsym";
				ENABLE_NS_ASSERTIONS = NO;
				ENABLE_STRICT_OBJC_MSGSEND = YES;
				GCC_C_LANGUAGE_STANDARD = gnu11;
				GCC_NO_COMMON_BLOCKS = YES;
				GCC_WARN_64_TO_32_BIT_CONVERSION = YES;
				GCC_WARN_ABOUT_RETURN_TYPE = YES_ERROR;
				GCC_WARN_UNDECLARED_SELECTOR = YES;
				GCC_WARN_UNINITIALIZED_AUTOS = YES_AGGRESSIVE;
				GCC_WARN_UNUSED_FUNCTION = YES;
				GCC_WARN_UNUSED_VARIABLE = YES;
				IPHONEOS_DEPLOYMENT_TARGET = 15.5;
				MTL_ENABLE_DEBUG_INFO = NO;
				MTL_FAST_MATH = YES;
				SDKROOT = iphoneos;
				SWIFT_COMPILATION_MODE = wholemodule;
				SWIFT_OPTIMIZATION_LEVEL = "-O";
				VALIDATE_PRODUCT = YES;
			};
			name = Release;
		};
		B2FCAFA428CB8BFF002726AB /* Debug */ = {
			isa = XCBuildConfiguration;
			baseConfigurationReference = 55552AF91310DCF8B48FBB7B /* Pods-FlashyChatApp.debug.xcconfig */;
			buildSettings = {
				ASSETCATALOG_COMPILER_APPICON_NAME = AppIcon;
				ASSETCATALOG_COMPILER_GLOBAL_ACCENT_COLOR_NAME = AccentColor;
				CODE_SIGN_STYLE = Automatic;
				CURRENT_PROJECT_VERSION = 1;
				GENERATE_INFOPLIST_FILE = YES;
				INFOPLIST_FILE = FlashyChatApp/Info.plist;
				INFOPLIST_KEY_UIApplicationSupportsIndirectInputEvents = YES;
				INFOPLIST_KEY_UILaunchStoryboardName = LaunchScreen;
				INFOPLIST_KEY_UIMainStoryboardFile = Main;
				INFOPLIST_KEY_UISupportedInterfaceOrientations_iPad = "UIInterfaceOrientationPortrait UIInterfaceOrientationPortraitUpsideDown UIInterfaceOrientationLandscapeLeft UIInterfaceOrientationLandscapeRight";
				INFOPLIST_KEY_UISupportedInterfaceOrientations_iPhone = "UIInterfaceOrientationPortrait UIInterfaceOrientationLandscapeLeft UIInterfaceOrientationLandscapeRight";
				LD_RUNPATH_SEARCH_PATHS = (
					"$(inherited)",
					"@executable_path/Frameworks",
				);
				MARKETING_VERSION = 1.0;
				PRODUCT_BUNDLE_IDENTIFIER = com.thoughtworks.FlashyChatApp;
				PRODUCT_NAME = "$(TARGET_NAME)";
				SWIFT_EMIT_LOC_STRINGS = YES;
				SWIFT_VERSION = 5.0;
				TARGETED_DEVICE_FAMILY = "1,2";
			};
			name = Debug;
		};
		B2FCAFA528CB8BFF002726AB /* Release */ = {
			isa = XCBuildConfiguration;
			baseConfigurationReference = 17A6A678805046B265F080E3 /* Pods-FlashyChatApp.release.xcconfig */;
			buildSettings = {
				ASSETCATALOG_COMPILER_APPICON_NAME = AppIcon;
				ASSETCATALOG_COMPILER_GLOBAL_ACCENT_COLOR_NAME = AccentColor;
				CODE_SIGN_STYLE = Automatic;
				CURRENT_PROJECT_VERSION = 1;
				GENERATE_INFOPLIST_FILE = YES;
				INFOPLIST_FILE = FlashyChatApp/Info.plist;
				INFOPLIST_KEY_UIApplicationSupportsIndirectInputEvents = YES;
				INFOPLIST_KEY_UILaunchStoryboardName = LaunchScreen;
				INFOPLIST_KEY_UIMainStoryboardFile = Main;
				INFOPLIST_KEY_UISupportedInterfaceOrientations_iPad = "UIInterfaceOrientationPortrait UIInterfaceOrientationPortraitUpsideDown UIInterfaceOrientationLandscapeLeft UIInterfaceOrientationLandscapeRight";
				INFOPLIST_KEY_UISupportedInterfaceOrientations_iPhone = "UIInterfaceOrientationPortrait UIInterfaceOrientationLandscapeLeft UIInterfaceOrientationLandscapeRight";
				LD_RUNPATH_SEARCH_PATHS = (
					"$(inherited)",
					"@executable_path/Frameworks",
				);
				MARKETING_VERSION = 1.0;
				PRODUCT_BUNDLE_IDENTIFIER = com.thoughtworks.FlashyChatApp;
				PRODUCT_NAME = "$(TARGET_NAME)";
				SWIFT_EMIT_LOC_STRINGS = YES;
				SWIFT_VERSION = 5.0;
				TARGETED_DEVICE_FAMILY = "1,2";
			};
			name = Release;
		};
/* End XCBuildConfiguration section */

/* Begin XCConfigurationList section */
		B2FCAF8A28CB8BFE002726AB /* Build configuration list for PBXProject "FlashyChatApp" */ = {
			isa = XCConfigurationList;
			buildConfigurations = (
				B2FCAFA128CB8BFF002726AB /* Debug */,
				B2FCAFA228CB8BFF002726AB /* Release */,
			);
			defaultConfigurationIsVisible = 0;
			defaultConfigurationName = Release;
		};
		B2FCAFA328CB8BFF002726AB /* Build configuration list for PBXNativeTarget "FlashyChatApp" */ = {
			isa = XCConfigurationList;
			buildConfigurations = (
				B2FCAFA428CB8BFF002726AB /* Debug */,
				B2FCAFA528CB8BFF002726AB /* Release */,
			);
			defaultConfigurationIsVisible = 0;
			defaultConfigurationName = Release;
		};
/* End XCConfigurationList section */
	};
	rootObject = B2FCAF8728CB8BFE002726AB /* Project object */;
}
